
Microsoft Visual Studio Solution File, Format Version 12.00
# Visual Studio Version 16
VisualStudioVersion = 16.0.32407.337
MinimumVisualStudioVersion = 10.0.40219.1
Project("{FAE04EC0-301F-11D3-BF4B-00C04F79EFBC}") = "ProgramsAssignment", "ProgramsAssignment\ProgramsAssignment.csproj", "{7B8849DF-9981-43D1-AF0B-57C94C41DD6F}"
EndProject
Global
	GlobalSection(SolutionConfigurationPlatforms) = preSolution
		Debug|Any CPU = Debug|Any CPU
		Release|Any CPU = Release|Any CPU
	EndGlobalSection
	GlobalSection(ProjectConfigurationPlatforms) = postSolution
		{7B8849DF-9981-43D1-AF0B-57C94C41DD6F}.Debug|Any CPU.ActiveCfg = Debug|Any CPU
		{7B8849DF-9981-43D1-AF0B-57C94C41DD6F}.Debug|Any CPU.Build.0 = Debug|Any CPU
		{7B8849DF-9981-43D1-AF0B-57C94C41DD6F}.Release|Any CPU.ActiveCfg = Release|Any CPU
		{7B8849DF-9981-43D1-AF0B-57C94C41DD6F}.Release|Any CPU.Build.0 = Release|Any CPU
	EndGlobalSection
	GlobalSection(SolutionProperties) = preSolution
		HideSolutionNode = FALSE
	EndGlobalSection
	GlobalSection(ExtensibilityGlobals) = postSolution
		SolutionGuid = {5940F21D-6F82-4073-BE84-C4B6D85FED42}
	EndGlobalSection
EndGlobal
