
Microsoft Visual Studio Solution File, Format Version 12.00
# Visual Studio Version 16
VisualStudioVersion = 16.0.31729.503
MinimumVisualStudioVersion = 10.0.40219.1
Project("{FAE04EC0-301F-11D3-BF4B-00C04F79EFBC}") = "OODemos", "OODemos\OODemos.csproj", "{D5BE1C36-A476-4150-9EC5-AAA38456D465}"
EndProject
Global
	GlobalSection(SolutionConfigurationPlatforms) = preSolution
		Debug|Any CPU = Debug|Any CPU
		Release|Any CPU = Release|Any CPU
	EndGlobalSection
	GlobalSection(ProjectConfigurationPlatforms) = postSolution
		{D5BE1C36-A476-4150-9EC5-AAA38456D465}.Debug|Any CPU.ActiveCfg = Debug|Any CPU
		{D5BE1C36-A476-4150-9EC5-AAA38456D465}.Debug|Any CPU.Build.0 = Debug|Any CPU
		{D5BE1C36-A476-4150-9EC5-AAA38456D465}.Release|Any CPU.ActiveCfg = Release|Any CPU
		{D5BE1C36-A476-4150-9EC5-AAA38456D465}.Release|Any CPU.Build.0 = Release|Any CPU
	EndGlobalSection
	GlobalSection(SolutionProperties) = preSolution
		HideSolutionNode = FALSE
	EndGlobalSection
	GlobalSection(ExtensibilityGlobals) = postSolution
		SolutionGuid = {DE8D0FC3-BD22-4267-A51A-8C03B4FB98BB}
	EndGlobalSection
EndGlobal
